
Microsoft Visual Studio Solution File, Format Version 12.00
# Visual Studio Version 17
VisualStudioVersion = 17.14.36414.22 d17.14
MinimumVisualStudioVersion = 10.0.40219.1
Project("{FAE04EC0-301F-11D3-BF4B-00C04F79EFBC}") = "pryBaldovinoAppContacto", "pryBaldovinoAppContacto\pryBaldovinoAppContacto.csproj", "{2AD891F2-B9E5-4B59-82A0-E099C398974B}"
EndProject
Global
	GlobalSection(SolutionConfigurationPlatforms) = preSolution
		Debug|Any CPU = Debug|Any CPU
		Release|Any CPU = Release|Any CPU
	EndGlobalSection
	GlobalSection(ProjectConfigurationPlatforms) = postSolution
		{2AD891F2-B9E5-4B59-82A0-E099C398974B}.Debug|Any CPU.ActiveCfg = Debug|Any CPU
		{2AD891F2-B9E5-4B59-82A0-E099C398974B}.Debug|Any CPU.Build.0 = Debug|Any CPU
		{2AD891F2-B9E5-4B59-82A0-E099C398974B}.Release|Any CPU.ActiveCfg = Release|Any CPU
		{2AD891F2-B9E5-4B59-82A0-E099C398974B}.Release|Any CPU.Build.0 = Release|Any CPU
	EndGlobalSection
	GlobalSection(SolutionProperties) = preSolution
		HideSolutionNode = FALSE
	EndGlobalSection
	GlobalSection(ExtensibilityGlobals) = postSolution
		SolutionGuid = {59A487DE-E2CA-4E9C-9905-B82339E30F00}
	EndGlobalSection
EndGlobal
